// !$*UTF8*$!
{
	archiveVersion = 1;
	classes = {
	};
	objectVersion = 46;
	objects = {

/* Begin PBXBuildFile section */
		48B88CBA1F38886300B6409C /* main.swift in Sources */ = {isa = PBXBuildFile; fileRef = 48B88CB91F38886300B6409C /* main.swift */; };
		48B88CC91F388C3A00B6409C /* Argument.swift in Sources */ = {isa = PBXBuildFile; fileRef = 48B88CBD1F388C3A00B6409C /* Argument.swift */; };
		48B88CCA1F388C3A00B6409C /* ArgumentParser.swift in Sources */ = {isa = PBXBuildFile; fileRef = 48B88CBE1F388C3A00B6409C /* ArgumentParser.swift */; };
		48B88CCB1F388C3A00B6409C /* ArgumentProtocol.swift in Sources */ = {isa = PBXBuildFile; fileRef = 48B88CBF1F388C3A00B6409C /* ArgumentProtocol.swift */; };
		48B88CCC1F388C3A00B6409C /* Command.swift in Sources */ = {isa = PBXBuildFile; fileRef = 48B88CC01F388C3A00B6409C /* Command.swift */; };
		48B88CCD1F388C3A00B6409C /* Errors.swift in Sources */ = {isa = PBXBuildFile; fileRef = 48B88CC21F388C3A00B6409C /* Errors.swift */; };
		48B88CCE1F388C3A00B6409C /* Extensions.swift in Sources */ = {isa = PBXBuildFile; fileRef = 48B88CC31F388C3A00B6409C /* Extensions.swift */; };
		48B88CCF1F388C3A00B6409C /* HelpCommand.swift in Sources */ = {isa = PBXBuildFile; fileRef = 48B88CC41F388C3A00B6409C /* HelpCommand.swift */; };
		48B88CD01F388C3A00B6409C /* LinuxSupport.swift in Sources */ = {isa = PBXBuildFile; fileRef = 48B88CC61F388C3A00B6409C /* LinuxSupport.swift */; };
		48B88CD11F388C3A00B6409C /* Option.swift in Sources */ = {isa = PBXBuildFile; fileRef = 48B88CC71F388C3A00B6409C /* Option.swift */; };
		48B88CD21F388C3A00B6409C /* Switch.swift in Sources */ = {isa = PBXBuildFile; fileRef = 48B88CC81F388C3A00B6409C /* Switch.swift */; };
		48B88CD81F388C4F00B6409C /* Result.swift in Sources */ = {isa = PBXBuildFile; fileRef = 48B88CD61F388C4F00B6409C /* Result.swift */; };
		48B88CD91F388C4F00B6409C /* ResultProtocol.swift in Sources */ = {isa = PBXBuildFile; fileRef = 48B88CD71F388C4F00B6409C /* ResultProtocol.swift */; };
		48B88CDC1F388CF100B6409C /* Status.swift in Sources */ = {isa = PBXBuildFile; fileRef = 48B88CDB1F388CF100B6409C /* Status.swift */; };
/* End PBXBuildFile section */

/* Begin PBXCopyFilesBuildPhase section */
		48B88CB01F38883800B6409C /* CopyFiles */ = {
			isa = PBXCopyFilesBuildPhase;
			buildActionMask = 2147483647;
			dstPath = /usr/share/man/man1/;
			dstSubfolderSpec = 0;
			files = (
			);
			runOnlyForDeploymentPostprocessing = 1;
		};
/* End PBXCopyFilesBuildPhase section */

/* Begin PBXFileReference section */
		48B88CB21F38883800B6409C /* svn-extension */ = {isa = PBXFileReference; explicitFileType = "compiled.mach-o.executable"; includeInIndex = 0; path = "svn-extension"; sourceTree = BUILT_PRODUCTS_DIR; };
		48B88CB91F38886300B6409C /* main.swift */ = {isa = PBXFileReference; fileEncoding = 4; lastKnownFileType = sourcecode.swift; path = main.swift; sourceTree = "<group>"; };
		48B88CBD1F388C3A00B6409C /* Argument.swift */ = {isa = PBXFileReference; fileEncoding = 4; lastKnownFileType = sourcecode.swift; path = Argument.swift; sourceTree = "<group>"; };
		48B88CBE1F388C3A00B6409C /* ArgumentParser.swift */ = {isa = PBXFileReference; fileEncoding = 4; lastKnownFileType = sourcecode.swift; path = ArgumentParser.swift; sourceTree = "<group>"; };
		48B88CBF1F388C3A00B6409C /* ArgumentProtocol.swift */ = {isa = PBXFileReference; fileEncoding = 4; lastKnownFileType = sourcecode.swift; path = ArgumentProtocol.swift; sourceTree = "<group>"; };
		48B88CC01F388C3A00B6409C /* Command.swift */ = {isa = PBXFileReference; fileEncoding = 4; lastKnownFileType = sourcecode.swift; path = Command.swift; sourceTree = "<group>"; };
		48B88CC21F388C3A00B6409C /* Errors.swift */ = {isa = PBXFileReference; fileEncoding = 4; lastKnownFileType = sourcecode.swift; path = Errors.swift; sourceTree = "<group>"; };
		48B88CC31F388C3A00B6409C /* Extensions.swift */ = {isa = PBXFileReference; fileEncoding = 4; lastKnownFileType = sourcecode.swift; path = Extensions.swift; sourceTree = "<group>"; };
		48B88CC41F388C3A00B6409C /* HelpCommand.swift */ = {isa = PBXFileReference; fileEncoding = 4; lastKnownFileType = sourcecode.swift; path = HelpCommand.swift; sourceTree = "<group>"; };
		48B88CC61F388C3A00B6409C /* LinuxSupport.swift */ = {isa = PBXFileReference; fileEncoding = 4; lastKnownFileType = sourcecode.swift; path = LinuxSupport.swift; sourceTree = "<group>"; };
		48B88CC71F388C3A00B6409C /* Option.swift */ = {isa = PBXFileReference; fileEncoding = 4; lastKnownFileType = sourcecode.swift; path = Option.swift; sourceTree = "<group>"; };
		48B88CC81F388C3A00B6409C /* Switch.swift */ = {isa = PBXFileReference; fileEncoding = 4; lastKnownFileType = sourcecode.swift; path = Switch.swift; sourceTree = "<group>"; };
		48B88CD61F388C4F00B6409C /* Result.swift */ = {isa = PBXFileReference; fileEncoding = 4; lastKnownFileType = sourcecode.swift; path = Result.swift; sourceTree = "<group>"; };
		48B88CD71F388C4F00B6409C /* ResultProtocol.swift */ = {isa = PBXFileReference; fileEncoding = 4; lastKnownFileType = sourcecode.swift; path = ResultProtocol.swift; sourceTree = "<group>"; };
		48B88CDB1F388CF100B6409C /* Status.swift */ = {isa = PBXFileReference; fileEncoding = 4; lastKnownFileType = sourcecode.swift; path = Status.swift; sourceTree = "<group>"; };
		48DBAC3C1F31B244001D98AD /* Commandant.framework */ = {isa = PBXFileReference; lastKnownFileType = wrapper.framework; name = Commandant.framework; path = "../../../Library/Developer/Xcode/DerivedData/SVN-Extension-awerjecmihzscxgpyzsraxqjgxfs/Build/Products/Debug/Commandant.framework"; sourceTree = "<group>"; };
/* End PBXFileReference section */

/* Begin PBXFrameworksBuildPhase section */
		48B88CAF1F38883800B6409C /* Frameworks */ = {
			isa = PBXFrameworksBuildPhase;
			buildActionMask = 2147483647;
			files = (
			);
			runOnlyForDeploymentPostprocessing = 0;
		};
/* End PBXFrameworksBuildPhase section */

/* Begin PBXGroup section */
		48B49BF61F2EEFAC002D1A32 = {
			isa = PBXGroup;
			children = (
				48B88CB31F38883800B6409C /* svn-extension */,
				48B88CBB1F388C1A00B6409C /* Vendors */,
				48B49C001F2EEFAC002D1A32 /* Products */,
				48DBAC3B1F31B244001D98AD /* Frameworks */,
			);
			sourceTree = "<group>";
		};
		48B49C001F2EEFAC002D1A32 /* Products */ = {
			isa = PBXGroup;
			children = (
				48B88CB21F38883800B6409C /* svn-extension */,
			);
			name = Products;
			sourceTree = "<group>";
		};
		48B88CB31F38883800B6409C /* svn-extension */ = {
			isa = PBXGroup;
			children = (
				48B88CDA1F388CD700B6409C /* Commands */,
				48B88CB91F38886300B6409C /* main.swift */,
			);
			path = "svn-extension";
			sourceTree = "<group>";
		};
		48B88CBB1F388C1A00B6409C /* Vendors */ = {
			isa = PBXGroup;
			children = (
				48B88CBC1F388C3A00B6409C /* Commandant */,
				48B88CD31F388C4F00B6409C /* Result */,
			);
			path = Vendors;
			sourceTree = "<group>";
		};
		48B88CBC1F388C3A00B6409C /* Commandant */ = {
			isa = PBXGroup;
			children = (
				48B88CBD1F388C3A00B6409C /* Argument.swift */,
				48B88CBE1F388C3A00B6409C /* ArgumentParser.swift */,
				48B88CBF1F388C3A00B6409C /* ArgumentProtocol.swift */,
				48B88CC01F388C3A00B6409C /* Command.swift */,
				48B88CC21F388C3A00B6409C /* Errors.swift */,
				48B88CC31F388C3A00B6409C /* Extensions.swift */,
				48B88CC41F388C3A00B6409C /* HelpCommand.swift */,
				48B88CC61F388C3A00B6409C /* LinuxSupport.swift */,
				48B88CC71F388C3A00B6409C /* Option.swift */,
				48B88CC81F388C3A00B6409C /* Switch.swift */,
			);
			name = Commandant;
			path = Carthage/Checkouts/Commandant/Sources/Commandant;
			sourceTree = SOURCE_ROOT;
		};
		48B88CD31F388C4F00B6409C /* Result */ = {
			isa = PBXGroup;
			children = (
				48B88CD61F388C4F00B6409C /* Result.swift */,
				48B88CD71F388C4F00B6409C /* ResultProtocol.swift */,
			);
			name = Result;
			path = Carthage/Checkouts/Result/Result;
			sourceTree = SOURCE_ROOT;
		};
		48B88CDA1F388CD700B6409C /* Commands */ = {
			isa = PBXGroup;
			children = (
				48B88CDB1F388CF100B6409C /* Status.swift */,
			);
			path = Commands;
			sourceTree = "<group>";
		};
		48DBAC3B1F31B244001D98AD /* Frameworks */ = {
			isa = PBXGroup;
			children = (
				48DBAC3C1F31B244001D98AD /* Commandant.framework */,
			);
			name = Frameworks;
			sourceTree = "<group>";
		};
/* End PBXGroup section */

/* Begin PBXNativeTarget section */
		48B88CB11F38883800B6409C /* svn-extension */ = {
			isa = PBXNativeTarget;
			buildConfigurationList = 48B88CB61F38883800B6409C /* Build configuration list for PBXNativeTarget "svn-extension" */;
			buildPhases = (
				48B88CAE1F38883800B6409C /* Sources */,
				48B88CAF1F38883800B6409C /* Frameworks */,
				48B88CB01F38883800B6409C /* CopyFiles */,
			);
			buildRules = (
			);
			dependencies = (
			);
			name = "svn-extension";
			productName = "svn-extension";
			productReference = 48B88CB21F38883800B6409C /* svn-extension */;
			productType = "com.apple.product-type.tool";
		};
/* End PBXNativeTarget section */

/* Begin PBXProject section */
		48B49BF71F2EEFAC002D1A32 /* Project object */ = {
			isa = PBXProject;
			attributes = {
				LastSwiftUpdateCheck = 0830;
				LastUpgradeCheck = 0830;
				ORGANIZATIONNAME = armingli;
				TargetAttributes = {
					48B88CB11F38883800B6409C = {
						CreatedOnToolsVersion = 8.3.2;
						ProvisioningStyle = Automatic;
					};
				};
			};
			buildConfigurationList = 48B49BFA1F2EEFAC002D1A32 /* Build configuration list for PBXProject "SVN-Extension" */;
			compatibilityVersion = "Xcode 3.2";
			developmentRegion = English;
			hasScannedForEncodings = 0;
			knownRegions = (
				en,
			);
			mainGroup = 48B49BF61F2EEFAC002D1A32;
			productRefGroup = 48B49C001F2EEFAC002D1A32 /* Products */;
			projectDirPath = "";
			projectRoot = "";
			targets = (
				48B88CB11F38883800B6409C /* svn-extension */,
			);
		};
/* End PBXProject section */

/* Begin PBXSourcesBuildPhase section */
		48B88CAE1F38883800B6409C /* Sources */ = {
			isa = PBXSourcesBuildPhase;
			buildActionMask = 2147483647;
			files = (
				48B88CD01F388C3A00B6409C /* LinuxSupport.swift in Sources */,
				48B88CC91F388C3A00B6409C /* Argument.swift in Sources */,
				48B88CD11F388C3A00B6409C /* Option.swift in Sources */,
				48B88CD21F388C3A00B6409C /* Switch.swift in Sources */,
				48B88CD91F388C4F00B6409C /* ResultProtocol.swift in Sources */,
				48B88CBA1F38886300B6409C /* main.swift in Sources */,
				48B88CCB1F388C3A00B6409C /* ArgumentProtocol.swift in Sources */,
				48B88CD81F388C4F00B6409C /* Result.swift in Sources */,
				48B88CCC1F388C3A00B6409C /* Command.swift in Sources */,
				48B88CDC1F388CF100B6409C /* Status.swift in Sources */,
				48B88CCF1F388C3A00B6409C /* HelpCommand.swift in Sources */,
				48B88CCD1F388C3A00B6409C /* Errors.swift in Sources */,
				48B88CCA1F388C3A00B6409C /* ArgumentParser.swift in Sources */,
				48B88CCE1F388C3A00B6409C /* Extensions.swift in Sources */,
			);
			runOnlyForDeploymentPostprocessing = 0;
		};
/* End PBXSourcesBuildPhase section */

/* Begin XCBuildConfiguration section */
		48B49C041F2EEFAC002D1A32 /* Debug */ = {
			isa = XCBuildConfiguration;
			buildSettings = {
				ALWAYS_SEARCH_USER_PATHS = NO;
				CLANG_ANALYZER_NONNULL = YES;
				CLANG_ANALYZER_NUMBER_OBJECT_CONVERSION = YES_AGGRESSIVE;
				CLANG_CXX_LANGUAGE_STANDARD = "gnu++0x";
				CLANG_CXX_LIBRARY = "libc++";
				CLANG_ENABLE_MODULES = YES;
				CLANG_ENABLE_OBJC_ARC = YES;
				CLANG_WARN_BOOL_CONVERSION = YES;
				CLANG_WARN_CONSTANT_CONVERSION = YES;
				CLANG_WARN_DIRECT_OBJC_ISA_USAGE = YES_ERROR;
				CLANG_WARN_DOCUMENTATION_COMMENTS = YES;
				CLANG_WARN_EMPTY_BODY = YES;
				CLANG_WARN_ENUM_CONVERSION = YES;
				CLANG_WARN_INFINITE_RECURSION = YES;
				CLANG_WARN_INT_CONVERSION = YES;
				CLANG_WARN_OBJC_ROOT_CLASS = YES_ERROR;
				CLANG_WARN_SUSPICIOUS_MOVE = YES;
				CLANG_WARN_UNREACHABLE_CODE = YES;
				CLANG_WARN__DUPLICATE_METHOD_MATCH = YES;
				CODE_SIGN_IDENTITY = "-";
				COPY_PHASE_STRIP = NO;
				DEBUG_INFORMATION_FORMAT = dwarf;
				ENABLE_STRICT_OBJC_MSGSEND = YES;
				ENABLE_TESTABILITY = YES;
				GCC_C_LANGUAGE_STANDARD = gnu99;
				GCC_DYNAMIC_NO_PIC = NO;
				GCC_NO_COMMON_BLOCKS = YES;
				GCC_OPTIMIZATION_LEVEL = 0;
				GCC_PREPROCESSOR_DEFINITIONS = (
					"DEBUG=1",
					"$(inherited)",
				);
				GCC_WARN_64_TO_32_BIT_CONVERSION = YES;
				GCC_WARN_ABOUT_RETURN_TYPE = YES_ERROR;
				GCC_WARN_UNDECLARED_SELECTOR = YES;
				GCC_WARN_UNINITIALIZED_AUTOS = YES_AGGRESSIVE;
				GCC_WARN_UNUSED_FUNCTION = YES;
				GCC_WARN_UNUSED_VARIABLE = YES;
				MACOSX_DEPLOYMENT_TARGET = 10.12;
				MTL_ENABLE_DEBUG_INFO = YES;
				ONLY_ACTIVE_ARCH = YES;
				SDKROOT = macosx;
				SWIFT_OPTIMIZATION_LEVEL = "-Onone";
			};
			name = Debug;
		};
		48B49C051F2EEFAC002D1A32 /* Release */ = {
			isa = XCBuildConfiguration;
			buildSettings = {
				ALWAYS_SEARCH_USER_PATHS = NO;
				CLANG_ANALYZER_NONNULL = YES;
				CLANG_ANALYZER_NUMBER_OBJECT_CONVERSION = YES_AGGRESSIVE;
				CLANG_CXX_LANGUAGE_STANDARD = "gnu++0x";
				CLANG_CXX_LIBRARY = "libc++";
				CLANG_ENABLE_MODULES = YES;
				CLANG_ENABLE_OBJC_ARC = YES;
				CLANG_WARN_BOOL_CONVERSION = YES;
				CLANG_WARN_CONSTANT_CONVERSION = YES;
				CLANG_WARN_DIRECT_OBJC_ISA_USAGE = YES_ERROR;
				CLANG_WARN_DOCUMENTATION_COMMENTS = YES;
				CLANG_WARN_EMPTY_BODY = YES;
				CLANG_WARN_ENUM_CONVERSION = YES;
				CLANG_WARN_INFINITE_RECURSION = YES;
				CLANG_WARN_INT_CONVERSION = YES;
				CLANG_WARN_OBJC_ROOT_CLASS = YES_ERROR;
				CLANG_WARN_SUSPICIOUS_MOVE = YES;
				CLANG_WARN_UNREACHABLE_CODE = YES;
				CLANG_WARN__DUPLICATE_METHOD_MATCH = YES;
				CODE_SIGN_IDENTITY = "-";
				COPY_PHASE_STRIP = NO;
				DEBUG_INFORMATION_FORMAT = "dwarf-with-dsym";
				ENABLE_NS_ASSERTIONS = NO;
				ENABLE_STRICT_OBJC_MSGSEND = YES;
				GCC_C_LANGUAGE_STANDARD = gnu99;
				GCC_NO_COMMON_BLOCKS = YES;
				GCC_WARN_64_TO_32_BIT_CONVERSION = YES;
				GCC_WARN_ABOUT_RETURN_TYPE = YES_ERROR;
				GCC_WARN_UNDECLARED_SELECTOR = YES;
				GCC_WARN_UNINITIALIZED_AUTOS = YES_AGGRESSIVE;
				GCC_WARN_UNUSED_FUNCTION = YES;
				GCC_WARN_UNUSED_VARIABLE = YES;
				MACOSX_DEPLOYMENT_TARGET = 10.12;
				MTL_ENABLE_DEBUG_INFO = NO;
				SDKROOT = macosx;
			};
			name = Release;
		};
		48B88CB71F38883800B6409C /* Debug */ = {
			isa = XCBuildConfiguration;
			buildSettings = {
				PRODUCT_NAME = "$(TARGET_NAME)";
				SWIFT_VERSION = 3.0;
			};
			name = Debug;
		};
		48B88CB81F38883800B6409C /* Release */ = {
			isa = XCBuildConfiguration;
			buildSettings = {
				PRODUCT_NAME = "$(TARGET_NAME)";
				SWIFT_VERSION = 3.0;
			};
			name = Release;
		};
/* End XCBuildConfiguration section */

/* Begin XCConfigurationList section */
		48B49BFA1F2EEFAC002D1A32 /* Build configuration list for PBXProject "SVN-Extension" */ = {
			isa = XCConfigurationList;
			buildConfigurations = (
				48B49C041F2EEFAC002D1A32 /* Debug */,
				48B49C051F2EEFAC002D1A32 /* Release */,
			);
			defaultConfigurationIsVisible = 0;
			defaultConfigurationName = Release;
		};
		48B88CB61F38883800B6409C /* Build configuration list for PBXNativeTarget "svn-extension" */ = {
			isa = XCConfigurationList;
			buildConfigurations = (
				48B88CB71F38883800B6409C /* Debug */,
				48B88CB81F38883800B6409C /* Release */,
			);
			defaultConfigurationIsVisible = 0;
		};
/* End XCConfigurationList section */
	};
	rootObject = 48B49BF71F2EEFAC002D1A32 /* Project object */;
}
